
Microsoft Visual Studio Solution File, Format Version 12.00
# Visual Studio Version 16
VisualStudioVersion = 16.0.30320.27
MinimumVisualStudioVersion = 10.0.40219.1
Project("{2150E333-8FDC-42A3-9474-1A3956D46DE8}") = "Services", "Services", "{203E4606-A3D3-4E6A-ADAE-F3562E3E7A45}"
EndProject
Project("{2150E333-8FDC-42A3-9474-1A3956D46DE8}") = "WebApps", "WebApps", "{C49A0285-CB0B-4B1E-8A5E-4925C9BC3ED2}"
EndProject
Project("{2150E333-8FDC-42A3-9474-1A3956D46DE8}") = "Cadastros", "Cadastros", "{F2322A13-EDBF-4EC5-8887-43F08CFD6F2D}"
EndProject
Project("{2150E333-8FDC-42A3-9474-1A3956D46DE8}") = "Catalogo", "Catalogo", "{9F3B6608-7F55-4C29-8048-E799AF18E3F6}"
EndProject
Project("{2150E333-8FDC-42A3-9474-1A3956D46DE8}") = "Fiscal", "Fiscal", "{73263D95-EBF5-436A-B94B-7445DB2C92BC}"
EndProject
Project("{2150E333-8FDC-42A3-9474-1A3956D46DE8}") = "Core", "Core", "{F98EA6C0-2837-4006-87DD-9965C3C18B5F}"
EndProject
Project("{2150E333-8FDC-42A3-9474-1A3956D46DE8}") = "Pagamentos", "Pagamentos", "{C9F2EE06-8F5D-4AA2-B514-D0F47D4949A8}"
EndProject
Project("{2150E333-8FDC-42A3-9474-1A3956D46DE8}") = "Vendas", "Vendas", "{9E6DB2FF-7345-4696-A736-1808F6B25B4B}"
EndProject
Project("{9A19103F-16F7-4668-BE54-9A1E7A4F7556}") = "NerdStore.Catalogo.Domain", "src\NerdStore.Catalogo.Domain\NerdStore.Catalogo.Domain.csproj", "{4BF7DCAF-E0C1-4C02-BC7B-0A123D6D7FF8}"
EndProject
Project("{9A19103F-16F7-4668-BE54-9A1E7A4F7556}") = "NerdStore.Core", "src\NerdStore.Core\NerdStore.Core.csproj", "{8100F5DF-7F6C-44D5-845A-6FB7C52F808D}"
EndProject
Project("{2150E333-8FDC-42A3-9474-1A3956D46DE8}") = "Tests", "Tests", "{2BFCA8CE-9C17-4BBE-8A3B-D6D26575F096}"
EndProject
Project("{9A19103F-16F7-4668-BE54-9A1E7A4F7556}") = "NerdStore.Catalogo.Domain.Tests", "tests\NerdStore.Catalogo.Domain.Tests\NerdStore.Catalogo.Domain.Tests.csproj", "{BF2A4FE9-1F91-46D9-B8A6-C9754438EA7E}"
EndProject
Project("{9A19103F-16F7-4668-BE54-9A1E7A4F7556}") = "NerdStore.Catalogo.Data", "src\NerdStore.Catalogo.Data\NerdStore.Catalogo.Data.csproj", "{F1EC742C-85FE-460D-94F5-A9F8FEFEA70C}"
EndProject
Project("{9A19103F-16F7-4668-BE54-9A1E7A4F7556}") = "NerdStore.Catalogo.Application", "src\Nerdstore.Catalogo.Application\NerdStore.Catalogo.Application.csproj", "{6C83CD22-1299-4551-B6B7-F878EB36D401}"
EndProject
Project("{9A19103F-16F7-4668-BE54-9A1E7A4F7556}") = "NerdStore.WebApp.MVC", "src\NerdStore.WebApp.MVC\NerdStore.WebApp.MVC.csproj", "{03021451-A1B4-4D0F-A011-6786A2E164FB}"
EndProject
Project("{FAE04EC0-301F-11D3-BF4B-00C04F79EFBC}") = "NerdStore.Vendas.Domain", "src\NerdStore.Vendas.Domain\NerdStore.Vendas.Domain.csproj", "{9EDAA17B-1E15-4140-BC1A-813C3B718558}"
EndProject
Project("{FAE04EC0-301F-11D3-BF4B-00C04F79EFBC}") = "NerdStore.Vendas.Application", "src\NerdStore.Vendas.Application\NerdStore.Vendas.Application.csproj", "{E71452A8-22C2-4E40-B872-3540491C073D}"
EndProject
Project("{FAE04EC0-301F-11D3-BF4B-00C04F79EFBC}") = "NerdStore.Vendas.Data", "src\NerdStore.Vendas.Data\NerdStore.Vendas.Data.csproj", "{64283213-6DF5-4BEA-B7BA-439C0321E634}"
EndProject
Global
	GlobalSection(SolutionConfigurationPlatforms) = preSolution
		Debug|Any CPU = Debug|Any CPU
		Release|Any CPU = Release|Any CPU
	EndGlobalSection
	GlobalSection(ProjectConfigurationPlatforms) = postSolution
		{4BF7DCAF-E0C1-4C02-BC7B-0A123D6D7FF8}.Debug|Any CPU.ActiveCfg = Debug|Any CPU
		{4BF7DCAF-E0C1-4C02-BC7B-0A123D6D7FF8}.Debug|Any CPU.Build.0 = Debug|Any CPU
		{4BF7DCAF-E0C1-4C02-BC7B-0A123D6D7FF8}.Release|Any CPU.ActiveCfg = Release|Any CPU
		{4BF7DCAF-E0C1-4C02-BC7B-0A123D6D7FF8}.Release|Any CPU.Build.0 = Release|Any CPU
		{8100F5DF-7F6C-44D5-845A-6FB7C52F808D}.Debug|Any CPU.ActiveCfg = Debug|Any CPU
		{8100F5DF-7F6C-44D5-845A-6FB7C52F808D}.Debug|Any CPU.Build.0 = Debug|Any CPU
		{8100F5DF-7F6C-44D5-845A-6FB7C52F808D}.Release|Any CPU.ActiveCfg = Release|Any CPU
		{8100F5DF-7F6C-44D5-845A-6FB7C52F808D}.Release|Any CPU.Build.0 = Release|Any CPU
		{BF2A4FE9-1F91-46D9-B8A6-C9754438EA7E}.Debug|Any CPU.ActiveCfg = Debug|Any CPU
		{BF2A4FE9-1F91-46D9-B8A6-C9754438EA7E}.Debug|Any CPU.Build.0 = Debug|Any CPU
		{BF2A4FE9-1F91-46D9-B8A6-C9754438EA7E}.Release|Any CPU.ActiveCfg = Release|Any CPU
		{BF2A4FE9-1F91-46D9-B8A6-C9754438EA7E}.Release|Any CPU.Build.0 = Release|Any CPU
		{F1EC742C-85FE-460D-94F5-A9F8FEFEA70C}.Debug|Any CPU.ActiveCfg = Debug|Any CPU
		{F1EC742C-85FE-460D-94F5-A9F8FEFEA70C}.Debug|Any CPU.Build.0 = Debug|Any CPU
		{F1EC742C-85FE-460D-94F5-A9F8FEFEA70C}.Release|Any CPU.ActiveCfg = Release|Any CPU
		{F1EC742C-85FE-460D-94F5-A9F8FEFEA70C}.Release|Any CPU.Build.0 = Release|Any CPU
		{6C83CD22-1299-4551-B6B7-F878EB36D401}.Debug|Any CPU.ActiveCfg = Debug|Any CPU
		{6C83CD22-1299-4551-B6B7-F878EB36D401}.Debug|Any CPU.Build.0 = Debug|Any CPU
		{6C83CD22-1299-4551-B6B7-F878EB36D401}.Release|Any CPU.ActiveCfg = Release|Any CPU
		{6C83CD22-1299-4551-B6B7-F878EB36D401}.Release|Any CPU.Build.0 = Release|Any CPU
		{03021451-A1B4-4D0F-A011-6786A2E164FB}.Debug|Any CPU.ActiveCfg = Debug|Any CPU
		{03021451-A1B4-4D0F-A011-6786A2E164FB}.Debug|Any CPU.Build.0 = Debug|Any CPU
		{03021451-A1B4-4D0F-A011-6786A2E164FB}.Release|Any CPU.ActiveCfg = Release|Any CPU
		{03021451-A1B4-4D0F-A011-6786A2E164FB}.Release|Any CPU.Build.0 = Release|Any CPU
		{9EDAA17B-1E15-4140-BC1A-813C3B718558}.Debug|Any CPU.ActiveCfg = Debug|Any CPU
		{9EDAA17B-1E15-4140-BC1A-813C3B718558}.Debug|Any CPU.Build.0 = Debug|Any CPU
		{9EDAA17B-1E15-4140-BC1A-813C3B718558}.Release|Any CPU.ActiveCfg = Release|Any CPU
		{9EDAA17B-1E15-4140-BC1A-813C3B718558}.Release|Any CPU.Build.0 = Release|Any CPU
		{E71452A8-22C2-4E40-B872-3540491C073D}.Debug|Any CPU.ActiveCfg = Debug|Any CPU
		{E71452A8-22C2-4E40-B872-3540491C073D}.Debug|Any CPU.Build.0 = Debug|Any CPU
		{E71452A8-22C2-4E40-B872-3540491C073D}.Release|Any CPU.ActiveCfg = Release|Any CPU
		{E71452A8-22C2-4E40-B872-3540491C073D}.Release|Any CPU.Build.0 = Release|Any CPU
		{64283213-6DF5-4BEA-B7BA-439C0321E634}.Debug|Any CPU.ActiveCfg = Debug|Any CPU
		{64283213-6DF5-4BEA-B7BA-439C0321E634}.Debug|Any CPU.Build.0 = Debug|Any CPU
		{64283213-6DF5-4BEA-B7BA-439C0321E634}.Release|Any CPU.ActiveCfg = Release|Any CPU
		{64283213-6DF5-4BEA-B7BA-439C0321E634}.Release|Any CPU.Build.0 = Release|Any CPU
	EndGlobalSection
	GlobalSection(SolutionProperties) = preSolution
		HideSolutionNode = FALSE
	EndGlobalSection
	GlobalSection(NestedProjects) = preSolution
		{F2322A13-EDBF-4EC5-8887-43F08CFD6F2D} = {203E4606-A3D3-4E6A-ADAE-F3562E3E7A45}
		{9F3B6608-7F55-4C29-8048-E799AF18E3F6} = {203E4606-A3D3-4E6A-ADAE-F3562E3E7A45}
		{73263D95-EBF5-436A-B94B-7445DB2C92BC} = {203E4606-A3D3-4E6A-ADAE-F3562E3E7A45}
		{F98EA6C0-2837-4006-87DD-9965C3C18B5F} = {203E4606-A3D3-4E6A-ADAE-F3562E3E7A45}
		{C9F2EE06-8F5D-4AA2-B514-D0F47D4949A8} = {203E4606-A3D3-4E6A-ADAE-F3562E3E7A45}
		{9E6DB2FF-7345-4696-A736-1808F6B25B4B} = {203E4606-A3D3-4E6A-ADAE-F3562E3E7A45}
		{4BF7DCAF-E0C1-4C02-BC7B-0A123D6D7FF8} = {9F3B6608-7F55-4C29-8048-E799AF18E3F6}
		{8100F5DF-7F6C-44D5-845A-6FB7C52F808D} = {F98EA6C0-2837-4006-87DD-9965C3C18B5F}
		{2BFCA8CE-9C17-4BBE-8A3B-D6D26575F096} = {9F3B6608-7F55-4C29-8048-E799AF18E3F6}
		{BF2A4FE9-1F91-46D9-B8A6-C9754438EA7E} = {2BFCA8CE-9C17-4BBE-8A3B-D6D26575F096}
		{F1EC742C-85FE-460D-94F5-A9F8FEFEA70C} = {9F3B6608-7F55-4C29-8048-E799AF18E3F6}
		{6C83CD22-1299-4551-B6B7-F878EB36D401} = {9F3B6608-7F55-4C29-8048-E799AF18E3F6}
		{03021451-A1B4-4D0F-A011-6786A2E164FB} = {C49A0285-CB0B-4B1E-8A5E-4925C9BC3ED2}
		{9EDAA17B-1E15-4140-BC1A-813C3B718558} = {9E6DB2FF-7345-4696-A736-1808F6B25B4B}
		{E71452A8-22C2-4E40-B872-3540491C073D} = {9E6DB2FF-7345-4696-A736-1808F6B25B4B}
		{64283213-6DF5-4BEA-B7BA-439C0321E634} = {9E6DB2FF-7345-4696-A736-1808F6B25B4B}
	EndGlobalSection
	GlobalSection(ExtensibilityGlobals) = postSolution
		SolutionGuid = {4D6984E1-7F38-4BFB-8447-69266675CD77}
	EndGlobalSection
EndGlobal
